// !$*UTF8*$!
{
	archiveVersion = 1;
	classes = {
	};
	objectVersion = 46;
	objects = {

/* Begin PBXBuildFile section */
		842BAA181CEC986E00524619 /* SpaceWar.xcdatamodeld in Sources */ = {isa = PBXBuildFile; fileRef = 842BAA161CEC986E00524619 /* SpaceWar.xcdatamodeld */; };
		8436205E1CEB77400082A9D7 /* BlackSpriteNode.swift in Sources */ = {isa = PBXBuildFile; fileRef = 8436204A1CEB77400082A9D7 /* BlackSpriteNode.swift */; };
		8436205F1CEB77400082A9D7 /* BlackSpriteNode.swift in Sources */ = {isa = PBXBuildFile; fileRef = 8436204A1CEB77400082A9D7 /* BlackSpriteNode.swift */; };
		843620601CEB77400082A9D7 /* Box.swift in Sources */ = {isa = PBXBuildFile; fileRef = 8436204B1CEB77400082A9D7 /* Box.swift */; };
		843620611CEB77400082A9D7 /* Box.swift in Sources */ = {isa = PBXBuildFile; fileRef = 8436204B1CEB77400082A9D7 /* Box.swift */; };
		843620621CEB77400082A9D7 /* Button.swift in Sources */ = {isa = PBXBuildFile; fileRef = 8436204C1CEB77400082A9D7 /* Button.swift */; };
		843620631CEB77400082A9D7 /* Button.swift in Sources */ = {isa = PBXBuildFile; fileRef = 8436204C1CEB77400082A9D7 /* Button.swift */; };
		843620641CEB77400082A9D7 /* CharacterGenerator.swift in Sources */ = {isa = PBXBuildFile; fileRef = 8436204D1CEB77400082A9D7 /* CharacterGenerator.swift */; };
		843620651CEB77400082A9D7 /* CharacterGenerator.swift in Sources */ = {isa = PBXBuildFile; fileRef = 8436204D1CEB77400082A9D7 /* CharacterGenerator.swift */; };
		843620661CEB77400082A9D7 /* Control.swift in Sources */ = {isa = PBXBuildFile; fileRef = 8436204E1CEB77400082A9D7 /* Control.swift */; };
		843620671CEB77400082A9D7 /* Control.swift in Sources */ = {isa = PBXBuildFile; fileRef = 8436204E1CEB77400082A9D7 /* Control.swift */; };
		843620681CEB77400082A9D7 /* CropBox.swift in Sources */ = {isa = PBXBuildFile; fileRef = 8436204F1CEB77400082A9D7 /* CropBox.swift */; };
		843620691CEB77400082A9D7 /* CropBox.swift in Sources */ = {isa = PBXBuildFile; fileRef = 8436204F1CEB77400082A9D7 /* CropBox.swift */; };
		8436206A1CEB77400082A9D7 /* Display.swift in Sources */ = {isa = PBXBuildFile; fileRef = 843620501CEB77400082A9D7 /* Display.swift */; };
		8436206B1CEB77400082A9D7 /* Display.swift in Sources */ = {isa = PBXBuildFile; fileRef = 843620501CEB77400082A9D7 /* Display.swift */; };
		8436206C1CEB77400082A9D7 /* Event.swift in Sources */ = {isa = PBXBuildFile; fileRef = 843620511CEB77400082A9D7 /* Event.swift */; };
		8436206D1CEB77400082A9D7 /* Event.swift in Sources */ = {isa = PBXBuildFile; fileRef = 843620511CEB77400082A9D7 /* Event.swift */; };
		8436206E1CEB77400082A9D7 /* GameCamera.swift in Sources */ = {isa = PBXBuildFile; fileRef = 843620521CEB77400082A9D7 /* GameCamera.swift */; };
		8436206F1CEB77400082A9D7 /* GameCamera.swift in Sources */ = {isa = PBXBuildFile; fileRef = 843620521CEB77400082A9D7 /* GameCamera.swift */; };
		843620701CEB77400082A9D7 /* GameColors.swift in Sources */ = {isa = PBXBuildFile; fileRef = 843620531CEB77400082A9D7 /* GameColors.swift */; };
		843620711CEB77400082A9D7 /* GameColors.swift in Sources */ = {isa = PBXBuildFile; fileRef = 843620531CEB77400082A9D7 /* GameColors.swift */; };
		843620721CEB77400082A9D7 /* GameFonts.swift in Sources */ = {isa = PBXBuildFile; fileRef = 843620541CEB77400082A9D7 /* GameFonts.swift */; };
		843620731CEB77400082A9D7 /* GameFonts.swift in Sources */ = {isa = PBXBuildFile; fileRef = 843620541CEB77400082A9D7 /* GameFonts.swift */; };
		843620741CEB77400082A9D7 /* GameScene.swift in Sources */ = {isa = PBXBuildFile; fileRef = 843620551CEB77400082A9D7 /* GameScene.swift */; };
		843620751CEB77400082A9D7 /* GameScene.swift in Sources */ = {isa = PBXBuildFile; fileRef = 843620551CEB77400082A9D7 /* GameScene.swift */; };
		843620761CEB77400082A9D7 /* GameTextField.swift in Sources */ = {isa = PBXBuildFile; fileRef = 843620561CEB77400082A9D7 /* GameTextField.swift */; };
		843620771CEB77400082A9D7 /* GameTextField.swift in Sources */ = {isa = PBXBuildFile; fileRef = 843620561CEB77400082A9D7 /* GameTextField.swift */; };
		843620781CEB77400082A9D7 /* GeometryExtensions.swift in Sources */ = {isa = PBXBuildFile; fileRef = 843620571CEB77400082A9D7 /* GeometryExtensions.swift */; };
		843620791CEB77400082A9D7 /* GeometryExtensions.swift in Sources */ = {isa = PBXBuildFile; fileRef = 843620571CEB77400082A9D7 /* GeometryExtensions.swift */; };
		8436207A1CEB77400082A9D7 /* Label.swift in Sources */ = {isa = PBXBuildFile; fileRef = 843620581CEB77400082A9D7 /* Label.swift */; };
		8436207B1CEB77400082A9D7 /* Label.swift in Sources */ = {isa = PBXBuildFile; fileRef = 843620581CEB77400082A9D7 /* Label.swift */; };
		8436207C1CEB77400082A9D7 /* Music.swift in Sources */ = {isa = PBXBuildFile; fileRef = 843620591CEB77400082A9D7 /* Music.swift */; };
		8436207D1CEB77400082A9D7 /* Music.swift in Sources */ = {isa = PBXBuildFile; fileRef = 843620591CEB77400082A9D7 /* Music.swift */; };
		8436207E1CEB77400082A9D7 /* ScrollNode.swift in Sources */ = {isa = PBXBuildFile; fileRef = 8436205A1CEB77400082A9D7 /* ScrollNode.swift */; };
		8436207F1CEB77400082A9D7 /* ScrollNode.swift in Sources */ = {isa = PBXBuildFile; fileRef = 8436205A1CEB77400082A9D7 /* ScrollNode.swift */; };
		843620801CEB77400082A9D7 /* ScrollNodeExtensions.swift in Sources */ = {isa = PBXBuildFile; fileRef = 8436205B1CEB77400082A9D7 /* ScrollNodeExtensions.swift */; };
		843620811CEB77400082A9D7 /* ScrollNodeExtensions.swift in Sources */ = {isa = PBXBuildFile; fileRef = 8436205B1CEB77400082A9D7 /* ScrollNodeExtensions.swift */; };
		843620821CEB77400082A9D7 /* StringExtension.swift in Sources */ = {isa = PBXBuildFile; fileRef = 8436205C1CEB77400082A9D7 /* StringExtension.swift */; };
		843620831CEB77400082A9D7 /* StringExtension.swift in Sources */ = {isa = PBXBuildFile; fileRef = 8436205C1CEB77400082A9D7 /* StringExtension.swift */; };
		843620841CEB77400082A9D7 /* DefaultNameList in Resources */ = {isa = PBXBuildFile; fileRef = 8436205D1CEB77400082A9D7 /* DefaultNameList */; };
		843620851CEB77400082A9D7 /* DefaultNameList in Resources */ = {isa = PBXBuildFile; fileRef = 8436205D1CEB77400082A9D7 /* DefaultNameList */; };
		843803D11CEF3A54007152BC /* Weapon.swift in Sources */ = {isa = PBXBuildFile; fileRef = 843803D01CEF3A54007152BC /* Weapon.swift */; };
		843803D21CEF3A54007152BC /* Weapon.swift in Sources */ = {isa = PBXBuildFile; fileRef = 843803D01CEF3A54007152BC /* Weapon.swift */; };
		843803D41CEF45D1007152BC /* GameMath.swift in Sources */ = {isa = PBXBuildFile; fileRef = 843803D31CEF45D1007152BC /* GameMath.swift */; };
		843803D51CEF45D1007152BC /* GameMath.swift in Sources */ = {isa = PBXBuildFile; fileRef = 843803D31CEF45D1007152BC /* GameMath.swift */; };
		844CF2691CE77B400032F6AA /* AppDelegate.swift in Sources */ = {isa = PBXBuildFile; fileRef = 844CF2681CE77B400032F6AA /* AppDelegate.swift */; };
		844CF26F1CE77B400032F6AA /* GameViewController.swift in Sources */ = {isa = PBXBuildFile; fileRef = 844CF26E1CE77B400032F6AA /* GameViewController.swift */; };
		844CF2721CE77B400032F6AA /* Main.storyboard in Resources */ = {isa = PBXBuildFile; fileRef = 844CF2701CE77B400032F6AA /* Main.storyboard */; };
		844CF2741CE77B400032F6AA /* Assets.xcassets in Resources */ = {isa = PBXBuildFile; fileRef = 844CF2731CE77B400032F6AA /* Assets.xcassets */; };
		844CF2771CE77B400032F6AA /* LaunchScreen.storyboard in Resources */ = {isa = PBXBuildFile; fileRef = 844CF2751CE77B400032F6AA /* LaunchScreen.storyboard */; };
		844CF2881CE789AA0032F6AA /* AppDelegate.swift in Sources */ = {isa = PBXBuildFile; fileRef = 844CF2871CE789AA0032F6AA /* AppDelegate.swift */; };
		844CF28E1CE789AA0032F6AA /* Assets.xcassets in Resources */ = {isa = PBXBuildFile; fileRef = 844CF28D1CE789AA0032F6AA /* Assets.xcassets */; };
		844CF2911CE789AA0032F6AA /* MainMenu.xib in Resources */ = {isa = PBXBuildFile; fileRef = 844CF28F1CE789AA0032F6AA /* MainMenu.xib */; };
		844CF29A1CE78BFB0032F6AA /* Media.xcassets in Resources */ = {isa = PBXBuildFile; fileRef = 844CF2991CE78BFB0032F6AA /* Media.xcassets */; };
		844CF29B1CE78BFB0032F6AA /* Media.xcassets in Resources */ = {isa = PBXBuildFile; fileRef = 844CF2991CE78BFB0032F6AA /* Media.xcassets */; };
		8464C0ED1CECFCC700C7CF24 /* SpaceWar.xcdatamodeld in Sources */ = {isa = PBXBuildFile; fileRef = 842BAA161CEC986E00524619 /* SpaceWar.xcdatamodeld */; };
		846F65D01CF4777B00A2E69F /* Mothership.swift in Sources */ = {isa = PBXBuildFile; fileRef = 846F65CF1CF4777B00A2E69F /* Mothership.swift */; };
		846F65D11CF4777B00A2E69F /* Mothership.swift in Sources */ = {isa = PBXBuildFile; fileRef = 846F65CF1CF4777B00A2E69F /* Mothership.swift */; };
		84B4E6A71CEE4F76007CFC2B /* Spaceship.swift in Sources */ = {isa = PBXBuildFile; fileRef = 84B4E6A61CEE4F76007CFC2B /* Spaceship.swift */; };
		84B4E6A81CEE4F76007CFC2B /* Spaceship.swift in Sources */ = {isa = PBXBuildFile; fileRef = 84B4E6A61CEE4F76007CFC2B /* Spaceship.swift */; };
		84F855D91CECCE1100FB63D2 /* MemoryCard.swift in Sources */ = {isa = PBXBuildFile; fileRef = 84F855D81CECCE1100FB63D2 /* MemoryCard.swift */; };
		84F855DA1CECCE1100FB63D2 /* MemoryCard.swift in Sources */ = {isa = PBXBuildFile; fileRef = 84F855D81CECCE1100FB63D2 /* MemoryCard.swift */; };
		84F855DD1CECCE2A00FB63D2 /* LoadScene.swift in Sources */ = {isa = PBXBuildFile; fileRef = 84F855DB1CECCE2A00FB63D2 /* LoadScene.swift */; };
		84F855DE1CECCE2A00FB63D2 /* LoadScene.swift in Sources */ = {isa = PBXBuildFile; fileRef = 84F855DB1CECCE2A00FB63D2 /* LoadScene.swift */; };
		84F855DF1CECCE2A00FB63D2 /* MothershipScene.swift in Sources */ = {isa = PBXBuildFile; fileRef = 84F855DC1CECCE2A00FB63D2 /* MothershipScene.swift */; };
		84F855E01CECCE2A00FB63D2 /* MothershipScene.swift in Sources */ = {isa = PBXBuildFile; fileRef = 84F855DC1CECCE2A00FB63D2 /* MothershipScene.swift */; };
		84F855EB1CECCE5C00FB63D2 /* WeaponData.swift in Sources */ = {isa = PBXBuildFile; fileRef = 84F855E11CECCE5C00FB63D2 /* WeaponData.swift */; };
		84F855EC1CECCE5C00FB63D2 /* WeaponData.swift in Sources */ = {isa = PBXBuildFile; fileRef = 84F855E11CECCE5C00FB63D2 /* WeaponData.swift */; };
		84F855EF1CECCE5C00FB63D2 /* MothershipData.swift in Sources */ = {isa = PBXBuildFile; fileRef = 84F855E31CECCE5C00FB63D2 /* MothershipData.swift */; };
		84F855F01CECCE5C00FB63D2 /* MothershipData.swift in Sources */ = {isa = PBXBuildFile; fileRef = 84F855E31CECCE5C00FB63D2 /* MothershipData.swift */; };
		84F855F31CECCE5C00FB63D2 /* SpaceshipData.swift in Sources */ = {isa = PBXBuildFile; fileRef = 84F855E51CECCE5C00FB63D2 /* SpaceshipData.swift */; };
		84F855F41CECCE5C00FB63D2 /* SpaceshipData.swift in Sources */ = {isa = PBXBuildFile; fileRef = 84F855E51CECCE5C00FB63D2 /* SpaceshipData.swift */; };
		84F855F71CECCE5C00FB63D2 /* PlayerData.swift in Sources */ = {isa = PBXBuildFile; fileRef = 84F855E71CECCE5C00FB63D2 /* PlayerData.swift */; };
		84F855F81CECCE5C00FB63D2 /* PlayerData.swift in Sources */ = {isa = PBXBuildFile; fileRef = 84F855E71CECCE5C00FB63D2 /* PlayerData.swift */; };
		84F855FB1CECCE5C00FB63D2 /* ResearchData.swift in Sources */ = {isa = PBXBuildFile; fileRef = 84F855E91CECCE5C00FB63D2 /* ResearchData.swift */; };
		84F855FC1CECCE5C00FB63D2 /* ResearchData.swift in Sources */ = {isa = PBXBuildFile; fileRef = 84F855E91CECCE5C00FB63D2 /* ResearchData.swift */; };
/* End PBXBuildFile section */

/* Begin PBXFileReference section */
		842BAA171CEC986E00524619 /* SpaceWar.xcdatamodel */ = {isa = PBXFileReference; lastKnownFileType = wrapper.xcdatamodel; path = SpaceWar.xcdatamodel; sourceTree = "<group>"; };
		8436204A1CEB77400082A9D7 /* BlackSpriteNode.swift */ = {isa = PBXFileReference; fileEncoding = 4; lastKnownFileType = sourcecode.swift; path = BlackSpriteNode.swift; sourceTree = "<group>"; };
		8436204B1CEB77400082A9D7 /* Box.swift */ = {isa = PBXFileReference; fileEncoding = 4; lastKnownFileType = sourcecode.swift; path = Box.swift; sourceTree = "<group>"; };
		8436204C1CEB77400082A9D7 /* Button.swift */ = {isa = PBXFileReference; fileEncoding = 4; lastKnownFileType = sourcecode.swift; path = Button.swift; sourceTree = "<group>"; };
		8436204D1CEB77400082A9D7 /* CharacterGenerator.swift */ = {isa = PBXFileReference; fileEncoding = 4; lastKnownFileType = sourcecode.swift; path = CharacterGenerator.swift; sourceTree = "<group>"; };
		8436204E1CEB77400082A9D7 /* Control.swift */ = {isa = PBXFileReference; fileEncoding = 4; lastKnownFileType = sourcecode.swift; path = Control.swift; sourceTree = "<group>"; };
		8436204F1CEB77400082A9D7 /* CropBox.swift */ = {isa = PBXFileReference; fileEncoding = 4; lastKnownFileType = sourcecode.swift; path = CropBox.swift; sourceTree = "<group>"; };
		843620501CEB77400082A9D7 /* Display.swift */ = {isa = PBXFileReference; fileEncoding = 4; lastKnownFileType = sourcecode.swift; path = Display.swift; sourceTree = "<group>"; };
		843620511CEB77400082A9D7 /* Event.swift */ = {isa = PBXFileReference; fileEncoding = 4; lastKnownFileType = sourcecode.swift; path = Event.swift; sourceTree = "<group>"; };
		843620521CEB77400082A9D7 /* GameCamera.swift */ = {isa = PBXFileReference; fileEncoding = 4; lastKnownFileType = sourcecode.swift; path = GameCamera.swift; sourceTree = "<group>"; };
		843620531CEB77400082A9D7 /* GameColors.swift */ = {isa = PBXFileReference; fileEncoding = 4; lastKnownFileType = sourcecode.swift; path = GameColors.swift; sourceTree = "<group>"; };
		843620541CEB77400082A9D7 /* GameFonts.swift */ = {isa = PBXFileReference; fileEncoding = 4; lastKnownFileType = sourcecode.swift; path = GameFonts.swift; sourceTree = "<group>"; };
		843620551CEB77400082A9D7 /* GameScene.swift */ = {isa = PBXFileReference; fileEncoding = 4; lastKnownFileType = sourcecode.swift; path = GameScene.swift; sourceTree = "<group>"; };
		843620561CEB77400082A9D7 /* GameTextField.swift */ = {isa = PBXFileReference; fileEncoding = 4; lastKnownFileType = sourcecode.swift; path = GameTextField.swift; sourceTree = "<group>"; };
		843620571CEB77400082A9D7 /* GeometryExtensions.swift */ = {isa = PBXFileReference; fileEncoding = 4; lastKnownFileType = sourcecode.swift; path = GeometryExtensions.swift; sourceTree = "<group>"; };
		843620581CEB77400082A9D7 /* Label.swift */ = {isa = PBXFileReference; fileEncoding = 4; lastKnownFileType = sourcecode.swift; path = Label.swift; sourceTree = "<group>"; };
		843620591CEB77400082A9D7 /* Music.swift */ = {isa = PBXFileReference; fileEncoding = 4; lastKnownFileType = sourcecode.swift; path = Music.swift; sourceTree = "<group>"; };
		8436205A1CEB77400082A9D7 /* ScrollNode.swift */ = {isa = PBXFileReference; fileEncoding = 4; lastKnownFileType = sourcecode.swift; path = ScrollNode.swift; sourceTree = "<group>"; };
		8436205B1CEB77400082A9D7 /* ScrollNodeExtensions.swift */ = {isa = PBXFileReference; fileEncoding = 4; lastKnownFileType = sourcecode.swift; path = ScrollNodeExtensions.swift; sourceTree = "<group>"; };
		8436205C1CEB77400082A9D7 /* StringExtension.swift */ = {isa = PBXFileReference; fileEncoding = 4; lastKnownFileType = sourcecode.swift; path = StringExtension.swift; sourceTree = "<group>"; };
		8436205D1CEB77400082A9D7 /* DefaultNameList */ = {isa = PBXFileReference; fileEncoding = 4; lastKnownFileType = text; path = DefaultNameList; sourceTree = "<group>"; };
		843803D01CEF3A54007152BC /* Weapon.swift */ = {isa = PBXFileReference; fileEncoding = 4; lastKnownFileType = sourcecode.swift; path = Weapon.swift; sourceTree = "<group>"; };
		843803D31CEF45D1007152BC /* GameMath.swift */ = {isa = PBXFileReference; fileEncoding = 4; lastKnownFileType = sourcecode.swift; path = GameMath.swift; sourceTree = "<group>"; };
		844CF2661CE77B3F0032F6AA /* Game-iOS.app */ = {isa = PBXFileReference; explicitFileType = wrapper.application; includeInIndex = 0; path = "Game-iOS.app"; sourceTree = BUILT_PRODUCTS_DIR; };
		844CF2681CE77B400032F6AA /* AppDelegate.swift */ = {isa = PBXFileReference; lastKnownFileType = sourcecode.swift; path = AppDelegate.swift; sourceTree = "<group>"; };
		844CF26E1CE77B400032F6AA /* GameViewController.swift */ = {isa = PBXFileReference; lastKnownFileType = sourcecode.swift; path = GameViewController.swift; sourceTree = "<group>"; };
		844CF2711CE77B400032F6AA /* Base */ = {isa = PBXFileReference; lastKnownFileType = file.storyboard; name = Base; path = Base.lproj/Main.storyboard; sourceTree = "<group>"; };
		844CF2731CE77B400032F6AA /* Assets.xcassets */ = {isa = PBXFileReference; lastKnownFileType = folder.assetcatalog; path = Assets.xcassets; sourceTree = "<group>"; };
		844CF2761CE77B400032F6AA /* Base */ = {isa = PBXFileReference; lastKnownFileType = file.storyboard; name = Base; path = Base.lproj/LaunchScreen.storyboard; sourceTree = "<group>"; };
		844CF2781CE77B400032F6AA /* Info.plist */ = {isa = PBXFileReference; lastKnownFileType = text.plist.xml; path = Info.plist; sourceTree = "<group>"; };
		844CF2851CE789A90032F6AA /* Game-OSX.app */ = {isa = PBXFileReference; explicitFileType = wrapper.application; includeInIndex = 0; path = "Game-OSX.app"; sourceTree = BUILT_PRODUCTS_DIR; };
		844CF2871CE789AA0032F6AA /* AppDelegate.swift */ = {isa = PBXFileReference; lastKnownFileType = sourcecode.swift; path = AppDelegate.swift; sourceTree = "<group>"; };
		844CF28D1CE789AA0032F6AA /* Assets.xcassets */ = {isa = PBXFileReference; lastKnownFileType = folder.assetcatalog; path = Assets.xcassets; sourceTree = "<group>"; };
		844CF2901CE789AA0032F6AA /* Base */ = {isa = PBXFileReference; lastKnownFileType = file.xib; name = Base; path = Base.lproj/MainMenu.xib; sourceTree = "<group>"; };
		844CF2921CE789AA0032F6AA /* Info.plist */ = {isa = PBXFileReference; lastKnownFileType = text.plist.xml; path = Info.plist; sourceTree = "<group>"; };
		844CF2991CE78BFB0032F6AA /* Media.xcassets */ = {isa = PBXFileReference; lastKnownFileType = folder.assetcatalog; path = Media.xcassets; sourceTree = "<group>"; };
		846F65CF1CF4777B00A2E69F /* Mothership.swift */ = {isa = PBXFileReference; fileEncoding = 4; lastKnownFileType = sourcecode.swift; path = Mothership.swift; sourceTree = "<group>"; };
		84B4E6A61CEE4F76007CFC2B /* Spaceship.swift */ = {isa = PBXFileReference; fileEncoding = 4; lastKnownFileType = sourcecode.swift; path = Spaceship.swift; sourceTree = "<group>"; };
		84F855D81CECCE1100FB63D2 /* MemoryCard.swift */ = {isa = PBXFileReference; fileEncoding = 4; lastKnownFileType = sourcecode.swift; path = MemoryCard.swift; sourceTree = "<group>"; };
		84F855DB1CECCE2A00FB63D2 /* LoadScene.swift */ = {isa = PBXFileReference; fileEncoding = 4; lastKnownFileType = sourcecode.swift; path = LoadScene.swift; sourceTree = "<group>"; };
		84F855DC1CECCE2A00FB63D2 /* MothershipScene.swift */ = {isa = PBXFileReference; fileEncoding = 4; lastKnownFileType = sourcecode.swift; path = MothershipScene.swift; sourceTree = "<group>"; };
		84F855E11CECCE5C00FB63D2 /* WeaponData.swift */ = {isa = PBXFileReference; fileEncoding = 4; lastKnownFileType = sourcecode.swift; path = WeaponData.swift; sourceTree = "<group>"; };
		84F855E31CECCE5C00FB63D2 /* MothershipData.swift */ = {isa = PBXFileReference; fileEncoding = 4; lastKnownFileType = sourcecode.swift; path = MothershipData.swift; sourceTree = "<group>"; };
		84F855E51CECCE5C00FB63D2 /* SpaceshipData.swift */ = {isa = PBXFileReference; fileEncoding = 4; lastKnownFileType = sourcecode.swift; path = SpaceshipData.swift; sourceTree = "<group>"; };
		84F855E71CECCE5C00FB63D2 /* PlayerData.swift */ = {isa = PBXFileReference; fileEncoding = 4; lastKnownFileType = sourcecode.swift; path = PlayerData.swift; sourceTree = "<group>"; };
		84F855E91CECCE5C00FB63D2 /* ResearchData.swift */ = {isa = PBXFileReference; fileEncoding = 4; lastKnownFileType = sourcecode.swift; path = ResearchData.swift; sourceTree = "<group>"; };
/* End PBXFileReference section */

/* Begin PBXFrameworksBuildPhase section */
		844CF2631CE77B3F0032F6AA /* Frameworks */ = {
			isa = PBXFrameworksBuildPhase;
			buildActionMask = 2147483647;
			files = (
			);
			runOnlyForDeploymentPostprocessing = 0;
		};
		844CF2821CE789A90032F6AA /* Frameworks */ = {
			isa = PBXFrameworksBuildPhase;
			buildActionMask = 2147483647;
			files = (
			);
			runOnlyForDeploymentPostprocessing = 0;
		};
/* End PBXFrameworksBuildPhase section */

/* Begin PBXGroup section */
		843CB48C1CDD131A00674F48 = {
			isa = PBXGroup;
			children = (
				844CF27C1CE77BE80032F6AA /* Game */,
				843CB4961CDD131A00674F48 /* Products */,
			);
			sourceTree = "<group>";
		};
		843CB4961CDD131A00674F48 /* Products */ = {
			isa = PBXGroup;
			children = (
				844CF2661CE77B3F0032F6AA /* Game-iOS.app */,
				844CF2851CE789A90032F6AA /* Game-OSX.app */,
			);
			name = Products;
			sourceTree = "<group>";
		};
		843CB4971CDD131A00674F48 /* Game */ = {
			isa = PBXGroup;
			children = (
				844CF2991CE78BFB0032F6AA /* Media.xcassets */,
				84F855D41CECCD4B00FB63D2 /* CoreData */,
				844CF2971CE78BBC0032F6AA /* Game */,
				844CF2961CE78BB20032F6AA /* Hydra */,
				844CF2981CE78BDF0032F6AA /* Scenes */,
				842BAA161CEC986E00524619 /* SpaceWar.xcdatamodeld */,
			);
			path = Game;
			sourceTree = "<group>";
		};
		844CF2671CE77B400032F6AA /* Game-iOS */ = {
			isa = PBXGroup;
			children = (
				844CF2781CE77B400032F6AA /* Info.plist */,
				844CF2681CE77B400032F6AA /* AppDelegate.swift */,
				844CF26E1CE77B400032F6AA /* GameViewController.swift */,
				844CF2731CE77B400032F6AA /* Assets.xcassets */,
				844CF2751CE77B400032F6AA /* LaunchScreen.storyboard */,
				844CF2701CE77B400032F6AA /* Main.storyboard */,
			);
			path = "Game-iOS";
			sourceTree = "<group>";
		};
		844CF27C1CE77BE80032F6AA /* Game */ = {
			isa = PBXGroup;
			children = (
				843CB4971CDD131A00674F48 /* Game */,
				844CF2671CE77B400032F6AA /* Game-iOS */,
				844CF2861CE789A90032F6AA /* Game-OSX */,
			);
			name = Game;
			sourceTree = "<group>";
		};
		844CF2861CE789A90032F6AA /* Game-OSX */ = {
			isa = PBXGroup;
			children = (
				844CF2921CE789AA0032F6AA /* Info.plist */,
				844CF2871CE789AA0032F6AA /* AppDelegate.swift */,
				844CF28D1CE789AA0032F6AA /* Assets.xcassets */,
				844CF28F1CE789AA0032F6AA /* MainMenu.xib */,
			);
			path = "Game-OSX";
			sourceTree = SOURCE_ROOT;
		};
		844CF2961CE78BB20032F6AA /* Hydra */ = {
			isa = PBXGroup;
			children = (
				8436204A1CEB77400082A9D7 /* BlackSpriteNode.swift */,
				8436204B1CEB77400082A9D7 /* Box.swift */,
				8436204C1CEB77400082A9D7 /* Button.swift */,
				8436204D1CEB77400082A9D7 /* CharacterGenerator.swift */,
				8436204E1CEB77400082A9D7 /* Control.swift */,
				8436204F1CEB77400082A9D7 /* CropBox.swift */,
				843620501CEB77400082A9D7 /* Display.swift */,
				843620511CEB77400082A9D7 /* Event.swift */,
				843620521CEB77400082A9D7 /* GameCamera.swift */,
				843620531CEB77400082A9D7 /* GameColors.swift */,
				843620541CEB77400082A9D7 /* GameFonts.swift */,
				843620551CEB77400082A9D7 /* GameScene.swift */,
				843620561CEB77400082A9D7 /* GameTextField.swift */,
				843620571CEB77400082A9D7 /* GeometryExtensions.swift */,
				843620581CEB77400082A9D7 /* Label.swift */,
				843620591CEB77400082A9D7 /* Music.swift */,
				8436205A1CEB77400082A9D7 /* ScrollNode.swift */,
				8436205B1CEB77400082A9D7 /* ScrollNodeExtensions.swift */,
				8436205C1CEB77400082A9D7 /* StringExtension.swift */,
				8436205D1CEB77400082A9D7 /* DefaultNameList */,
			);
			path = Hydra;
			sourceTree = "<group>";
		};
		844CF2971CE78BBC0032F6AA /* Game */ = {
			isa = PBXGroup;
			children = (
				843803D31CEF45D1007152BC /* GameMath.swift */,
				846F65CF1CF4777B00A2E69F /* Mothership.swift */,
				84B4E6A61CEE4F76007CFC2B /* Spaceship.swift */,
				843803D01CEF3A54007152BC /* Weapon.swift */,
			);
			path = Game;
			sourceTree = "<group>";
		};
		844CF2981CE78BDF0032F6AA /* Scenes */ = {
			isa = PBXGroup;
			children = (
				84F855DB1CECCE2A00FB63D2 /* LoadScene.swift */,
				84F855DC1CECCE2A00FB63D2 /* MothershipScene.swift */,
			);
			path = Scenes;
			sourceTree = "<group>";
		};
		84F855D41CECCD4B00FB63D2 /* CoreData */ = {
			isa = PBXGroup;
			children = (
				84F855D81CECCE1100FB63D2 /* MemoryCard.swift */,
				84F855E31CECCE5C00FB63D2 /* MothershipData.swift */,
				84F855E71CECCE5C00FB63D2 /* PlayerData.swift */,
				84F855E91CECCE5C00FB63D2 /* ResearchData.swift */,
				84F855E51CECCE5C00FB63D2 /* SpaceshipData.swift */,
				84F855E11CECCE5C00FB63D2 /* WeaponData.swift */,
			);
			path = CoreData;
			sourceTree = "<group>";
		};
/* End PBXGroup section */

/* Begin PBXNativeTarget section */
		844CF2651CE77B3F0032F6AA /* Game-iOS */ = {
			isa = PBXNativeTarget;
			buildConfigurationList = 844CF2791CE77B400032F6AA /* Build configuration list for PBXNativeTarget "Game-iOS" */;
			buildPhases = (
				844CF2621CE77B3F0032F6AA /* Sources */,
				844CF2631CE77B3F0032F6AA /* Frameworks */,
				844CF2641CE77B3F0032F6AA /* Resources */,
			);
			buildRules = (
			);
			dependencies = (
			);
			name = "Game-iOS";
			productName = "Game-iOS";
			productReference = 844CF2661CE77B3F0032F6AA /* Game-iOS.app */;
			productType = "com.apple.product-type.application";
		};
		844CF2841CE789A90032F6AA /* Game-OSX */ = {
			isa = PBXNativeTarget;
			buildConfigurationList = 844CF2931CE789AA0032F6AA /* Build configuration list for PBXNativeTarget "Game-OSX" */;
			buildPhases = (
				844CF2811CE789A90032F6AA /* Sources */,
				844CF2821CE789A90032F6AA /* Frameworks */,
				844CF2831CE789A90032F6AA /* Resources */,
			);
			buildRules = (
			);
			dependencies = (
			);
			name = "Game-OSX";
			productName = "Game-OSX";
			productReference = 844CF2851CE789A90032F6AA /* Game-OSX.app */;
			productType = "com.apple.product-type.application";
		};
/* End PBXNativeTarget section */

/* Begin PBXProject section */
		843CB48D1CDD131A00674F48 /* Project object */ = {
			isa = PBXProject;
			attributes = {
				LastSwiftUpdateCheck = 0730;
				LastUpgradeCheck = 0730;
				ORGANIZATIONNAME = PabloHenri91;
				TargetAttributes = {
					844CF2651CE77B3F0032F6AA = {
						CreatedOnToolsVersion = 7.3.1;
						DevelopmentTeam = JZ3J7RVLD7;
					};
					844CF2841CE789A90032F6AA = {
						CreatedOnToolsVersion = 7.3.1;
					};
				};
			};
			buildConfigurationList = 843CB4901CDD131A00674F48 /* Build configuration list for PBXProject "Game" */;
			compatibilityVersion = "Xcode 3.2";
			developmentRegion = English;
			hasScannedForEncodings = 0;
			knownRegions = (
				en,
				Base,
			);
			mainGroup = 843CB48C1CDD131A00674F48;
			productRefGroup = 843CB4961CDD131A00674F48 /* Products */;
			projectDirPath = "";
			projectRoot = "";
			targets = (
				844CF2651CE77B3F0032F6AA /* Game-iOS */,
				844CF2841CE789A90032F6AA /* Game-OSX */,
			);
		};
/* End PBXProject section */

/* Begin PBXResourcesBuildPhase section */
		844CF2641CE77B3F0032F6AA /* Resources */ = {
			isa = PBXResourcesBuildPhase;
			buildActionMask = 2147483647;
			files = (
				844CF29A1CE78BFB0032F6AA /* Media.xcassets in Resources */,
				844CF2771CE77B400032F6AA /* LaunchScreen.storyboard in Resources */,
				844CF2741CE77B400032F6AA /* Assets.xcassets in Resources */,
				844CF2721CE77B400032F6AA /* Main.storyboard in Resources */,
				843620841CEB77400082A9D7 /* DefaultNameList in Resources */,
			);
			runOnlyForDeploymentPostprocessing = 0;
		};
		844CF2831CE789A90032F6AA /* Resources */ = {
			isa = PBXResourcesBuildPhase;
			buildActionMask = 2147483647;
			files = (
				844CF28E1CE789AA0032F6AA /* Assets.xcassets in Resources */,
				843620851CEB77400082A9D7 /* DefaultNameList in Resources */,
				844CF29B1CE78BFB0032F6AA /* Media.xcassets in Resources */,
				844CF2911CE789AA0032F6AA /* MainMenu.xib in Resources */,
			);
			runOnlyForDeploymentPostprocessing = 0;
		};
/* End PBXResourcesBuildPhase section */

/* Begin PBXSourcesBuildPhase section */
		844CF2621CE77B3F0032F6AA /* Sources */ = {
			isa = PBXSourcesBuildPhase;
			buildActionMask = 2147483647;
			files = (
				84F855F71CECCE5C00FB63D2 /* PlayerData.swift in Sources */,
				84F855DD1CECCE2A00FB63D2 /* LoadScene.swift in Sources */,
				84F855FB1CECCE5C00FB63D2 /* ResearchData.swift in Sources */,
				84F855EB1CECCE5C00FB63D2 /* WeaponData.swift in Sources */,
				84F855EF1CECCE5C00FB63D2 /* MothershipData.swift in Sources */,
				843620621CEB77400082A9D7 /* Button.swift in Sources */,
				844CF26F1CE77B400032F6AA /* GameViewController.swift in Sources */,
				843620741CEB77400082A9D7 /* GameScene.swift in Sources */,
				843620721CEB77400082A9D7 /* GameFonts.swift in Sources */,
				8436205E1CEB77400082A9D7 /* BlackSpriteNode.swift in Sources */,
				843620781CEB77400082A9D7 /* GeometryExtensions.swift in Sources */,
				843620801CEB77400082A9D7 /* ScrollNodeExtensions.swift in Sources */,
				843803D41CEF45D1007152BC /* GameMath.swift in Sources */,
				8436207C1CEB77400082A9D7 /* Music.swift in Sources */,
				84F855DF1CECCE2A00FB63D2 /* MothershipScene.swift in Sources */,
				84F855D91CECCE1100FB63D2 /* MemoryCard.swift in Sources */,
				8436206C1CEB77400082A9D7 /* Event.swift in Sources */,
				84F855F31CECCE5C00FB63D2 /* SpaceshipData.swift in Sources */,
				846F65D01CF4777B00A2E69F /* Mothership.swift in Sources */,
				843803D11CEF3A54007152BC /* Weapon.swift in Sources */,
				843620601CEB77400082A9D7 /* Box.swift in Sources */,
				8436207A1CEB77400082A9D7 /* Label.swift in Sources */,
				8436206A1CEB77400082A9D7 /* Display.swift in Sources */,
				843620681CEB77400082A9D7 /* CropBox.swift in Sources */,
				8436207E1CEB77400082A9D7 /* ScrollNode.swift in Sources */,
				842BAA181CEC986E00524619 /* SpaceWar.xcdatamodeld in Sources */,
				843620661CEB77400082A9D7 /* Control.swift in Sources */,
				843620701CEB77400082A9D7 /* GameColors.swift in Sources */,
				8436206E1CEB77400082A9D7 /* GameCamera.swift in Sources */,
				84B4E6A71CEE4F76007CFC2B /* Spaceship.swift in Sources */,
				844CF2691CE77B400032F6AA /* AppDelegate.swift in Sources */,
				843620641CEB77400082A9D7 /* CharacterGenerator.swift in Sources */,
				843620821CEB77400082A9D7 /* StringExtension.swift in Sources */,
				843620761CEB77400082A9D7 /* GameTextField.swift in Sources */,
			);
			runOnlyForDeploymentPostprocessing = 0;
		};
		844CF2811CE789A90032F6AA /* Sources */ = {
			isa = PBXSourcesBuildPhase;
			buildActionMask = 2147483647;
			files = (
				846F65D11CF4777B00A2E69F /* Mothership.swift in Sources */,
				84F855DA1CECCE1100FB63D2 /* MemoryCard.swift in Sources */,
				843620751CEB77400082A9D7 /* GameScene.swift in Sources */,
				84F855FC1CECCE5C00FB63D2 /* ResearchData.swift in Sources */,
				843620771CEB77400082A9D7 /* GameTextField.swift in Sources */,
				8436206B1CEB77400082A9D7 /* Display.swift in Sources */,
				8436206D1CEB77400082A9D7 /* Event.swift in Sources */,
				8436207F1CEB77400082A9D7 /* ScrollNode.swift in Sources */,
				843803D21CEF3A54007152BC /* Weapon.swift in Sources */,
				8436206F1CEB77400082A9D7 /* GameCamera.swift in Sources */,
				843620671CEB77400082A9D7 /* Control.swift in Sources */,
				84F855F01CECCE5C00FB63D2 /* MothershipData.swift in Sources */,
				843620631CEB77400082A9D7 /* Button.swift in Sources */,
				8436207D1CEB77400082A9D7 /* Music.swift in Sources */,
				843803D51CEF45D1007152BC /* GameMath.swift in Sources */,
				84F855F81CECCE5C00FB63D2 /* PlayerData.swift in Sources */,
				843620691CEB77400082A9D7 /* CropBox.swift in Sources */,
				844CF2881CE789AA0032F6AA /* AppDelegate.swift in Sources */,
				84F855E01CECCE2A00FB63D2 /* MothershipScene.swift in Sources */,
				84F855EC1CECCE5C00FB63D2 /* WeaponData.swift in Sources */,
				843620791CEB77400082A9D7 /* GeometryExtensions.swift in Sources */,
				843620731CEB77400082A9D7 /* GameFonts.swift in Sources */,
				8464C0ED1CECFCC700C7CF24 /* SpaceWar.xcdatamodeld in Sources */,
				843620711CEB77400082A9D7 /* GameColors.swift in Sources */,
				8436205F1CEB77400082A9D7 /* BlackSpriteNode.swift in Sources */,
				8436207B1CEB77400082A9D7 /* Label.swift in Sources */,
				843620811CEB77400082A9D7 /* ScrollNodeExtensions.swift in Sources */,
				84B4E6A81CEE4F76007CFC2B /* Spaceship.swift in Sources */,
				843620611CEB77400082A9D7 /* Box.swift in Sources */,
				843620831CEB77400082A9D7 /* StringExtension.swift in Sources */,
				84F855DE1CECCE2A00FB63D2 /* LoadScene.swift in Sources */,
				84F855F41CECCE5C00FB63D2 /* SpaceshipData.swift in Sources */,
				843620651CEB77400082A9D7 /* CharacterGenerator.swift in Sources */,
			);
			runOnlyForDeploymentPostprocessing = 0;
		};
/* End PBXSourcesBuildPhase section */

/* Begin PBXVariantGroup section */
		844CF2701CE77B400032F6AA /* Main.storyboard */ = {
			isa = PBXVariantGroup;
			children = (
				844CF2711CE77B400032F6AA /* Base */,
			);
			name = Main.storyboard;
			sourceTree = "<group>";
		};
		844CF2751CE77B400032F6AA /* LaunchScreen.storyboard */ = {
			isa = PBXVariantGroup;
			children = (
				844CF2761CE77B400032F6AA /* Base */,
			);
			name = LaunchScreen.storyboard;
			sourceTree = "<group>";
		};
		844CF28F1CE789AA0032F6AA /* MainMenu.xib */ = {
			isa = PBXVariantGroup;
			children = (
				844CF2901CE789AA0032F6AA /* Base */,
			);
			name = MainMenu.xib;
			sourceTree = "<group>";
		};
/* End PBXVariantGroup section */

/* Begin XCBuildConfiguration section */
		843CB4A91CDD131A00674F48 /* Debug */ = {
			isa = XCBuildConfiguration;
			buildSettings = {
				ALWAYS_SEARCH_USER_PATHS = NO;
				CLANG_ANALYZER_NONNULL = YES;
				CLANG_CXX_LANGUAGE_STANDARD = "gnu++0x";
				CLANG_CXX_LIBRARY = "libc++";
				CLANG_ENABLE_MODULES = YES;
				CLANG_ENABLE_OBJC_ARC = YES;
				CLANG_WARN_BOOL_CONVERSION = YES;
				CLANG_WARN_CONSTANT_CONVERSION = YES;
				CLANG_WARN_DIRECT_OBJC_ISA_USAGE = YES_ERROR;
				CLANG_WARN_EMPTY_BODY = YES;
				CLANG_WARN_ENUM_CONVERSION = YES;
				CLANG_WARN_INT_CONVERSION = YES;
				CLANG_WARN_OBJC_ROOT_CLASS = YES_ERROR;
				CLANG_WARN_UNREACHABLE_CODE = YES;
				CLANG_WARN__DUPLICATE_METHOD_MATCH = YES;
				"CODE_SIGN_IDENTITY[sdk=iphoneos*]" = "iPhone Developer";
				COPY_PHASE_STRIP = NO;
				DEBUG_INFORMATION_FORMAT = "dwarf-with-dsym";
				ENABLE_STRICT_OBJC_MSGSEND = YES;
				ENABLE_TESTABILITY = YES;
				GCC_C_LANGUAGE_STANDARD = gnu99;
				GCC_DYNAMIC_NO_PIC = NO;
				GCC_NO_COMMON_BLOCKS = YES;
				GCC_OPTIMIZATION_LEVEL = 0;
				GCC_PREPROCESSOR_DEFINITIONS = (
					"DEBUG=1",
					"$(inherited)",
				);
				GCC_WARN_64_TO_32_BIT_CONVERSION = YES;
				GCC_WARN_ABOUT_RETURN_TYPE = YES_ERROR;
				GCC_WARN_UNDECLARED_SELECTOR = YES;
				GCC_WARN_UNINITIALIZED_AUTOS = YES_AGGRESSIVE;
				GCC_WARN_UNUSED_FUNCTION = YES;
				GCC_WARN_UNUSED_VARIABLE = YES;
				IPHONEOS_DEPLOYMENT_TARGET = 8.0;
				MACOSX_DEPLOYMENT_TARGET = 10.10;
				MTL_ENABLE_DEBUG_INFO = YES;
				ONLY_ACTIVE_ARCH = YES;
				SDKROOT = iphoneos;
				SWIFT_OPTIMIZATION_LEVEL = "-Onone";
				TARGETED_DEVICE_FAMILY = "1,2";
			};
			name = Debug;
		};
		843CB4AA1CDD131A00674F48 /* Release */ = {
			isa = XCBuildConfiguration;
			buildSettings = {
				ALWAYS_SEARCH_USER_PATHS = NO;
				CLANG_ANALYZER_NONNULL = YES;
				CLANG_CXX_LANGUAGE_STANDARD = "gnu++0x";
				CLANG_CXX_LIBRARY = "libc++";
				CLANG_ENABLE_MODULES = YES;
				CLANG_ENABLE_OBJC_ARC = YES;
				CLANG_WARN_BOOL_CONVERSION = YES;
				CLANG_WARN_CONSTANT_CONVERSION = YES;
				CLANG_WARN_DIRECT_OBJC_ISA_USAGE = YES_ERROR;
				CLANG_WARN_EMPTY_BODY = YES;
				CLANG_WARN_ENUM_CONVERSION = YES;
				CLANG_WARN_INT_CONVERSION = YES;
				CLANG_WARN_OBJC_ROOT_CLASS = YES_ERROR;
				CLANG_WARN_UNREACHABLE_CODE = YES;
				CLANG_WARN__DUPLICATE_METHOD_MATCH = YES;
				"CODE_SIGN_IDENTITY[sdk=iphoneos*]" = "iPhone Developer";
				COPY_PHASE_STRIP = NO;
				DEBUG_INFORMATION_FORMAT = "dwarf-with-dsym";
				ENABLE_NS_ASSERTIONS = NO;
				ENABLE_STRICT_OBJC_MSGSEND = YES;
				GCC_C_LANGUAGE_STANDARD = gnu99;
				GCC_NO_COMMON_BLOCKS = YES;
				GCC_WARN_64_TO_32_BIT_CONVERSION = YES;
				GCC_WARN_ABOUT_RETURN_TYPE = YES_ERROR;
				GCC_WARN_UNDECLARED_SELECTOR = YES;
				GCC_WARN_UNINITIALIZED_AUTOS = YES_AGGRESSIVE;
				GCC_WARN_UNUSED_FUNCTION = YES;
				GCC_WARN_UNUSED_VARIABLE = YES;
				IPHONEOS_DEPLOYMENT_TARGET = 8.0;
				MACOSX_DEPLOYMENT_TARGET = 10.10;
				MTL_ENABLE_DEBUG_INFO = NO;
				SDKROOT = iphoneos;
				TARGETED_DEVICE_FAMILY = "1,2";
				VALIDATE_PRODUCT = YES;
			};
			name = Release;
		};
		844CF27A1CE77B400032F6AA /* Debug */ = {
			isa = XCBuildConfiguration;
			buildSettings = {
				ASSETCATALOG_COMPILER_APPICON_NAME = AppIcon;
				CODE_SIGN_IDENTITY = "iPhone Developer";
				INFOPLIST_FILE = "Game-iOS/Info.plist";
				LD_RUNPATH_SEARCH_PATHS = "$(inherited) @executable_path/Frameworks";
				"OTHER_SWIFT_FLAGS[arch=*]" = "-D DEBUG";
				PRODUCT_BUNDLE_IDENTIFIER = com.PabloHenri91.GameIV;
				PRODUCT_NAME = "$(TARGET_NAME)";
			};
			name = Debug;
		};
		844CF27B1CE77B400032F6AA /* Release */ = {
			isa = XCBuildConfiguration;
			buildSettings = {
				ASSETCATALOG_COMPILER_APPICON_NAME = AppIcon;
				CODE_SIGN_IDENTITY = "iPhone Developer";
				INFOPLIST_FILE = "Game-iOS/Info.plist";
				LD_RUNPATH_SEARCH_PATHS = "$(inherited) @executable_path/Frameworks";
				PRODUCT_BUNDLE_IDENTIFIER = com.PabloHenri91.GameIV;
				PRODUCT_NAME = "$(TARGET_NAME)";
			};
			name = Release;
		};
		844CF2941CE789AA0032F6AA /* Debug */ = {
			isa = XCBuildConfiguration;
			buildSettings = {
				ASSETCATALOG_COMPILER_APPICON_NAME = AppIcon;
				CODE_SIGN_IDENTITY = "-";
				COMBINE_HIDPI_IMAGES = YES;
				INFOPLIST_FILE = "Game-OSX/Info.plist";
				LD_RUNPATH_SEARCH_PATHS = "$(inherited) @executable_path/../Frameworks";
				MACOSX_DEPLOYMENT_TARGET = 10.11;
				"OTHER_SWIFT_FLAGS[arch=*]" = "-D DEBUG";
				PRODUCT_BUNDLE_IDENTIFIER = "PabloHenri91.Game-OSX";
				PRODUCT_NAME = "$(TARGET_NAME)";
				SDKROOT = macosx;
			};
			name = Debug;
		};
		844CF2951CE789AA0032F6AA /* Release */ = {
			isa = XCBuildConfiguration;
			buildSettings = {
				ASSETCATALOG_COMPILER_APPICON_NAME = AppIcon;
				CODE_SIGN_IDENTITY = "-";
				COMBINE_HIDPI_IMAGES = YES;
				INFOPLIST_FILE = "Game-OSX/Info.plist";
				LD_RUNPATH_SEARCH_PATHS = "$(inherited) @executable_path/../Frameworks";
				MACOSX_DEPLOYMENT_TARGET = 10.11;
				PRODUCT_BUNDLE_IDENTIFIER = "PabloHenri91.Game-OSX";
				PRODUCT_NAME = "$(TARGET_NAME)";
				SDKROOT = macosx;
			};
			name = Release;
		};
/* End XCBuildConfiguration section */

/* Begin XCConfigurationList section */
		843CB4901CDD131A00674F48 /* Build configuration list for PBXProject "Game" */ = {
			isa = XCConfigurationList;
			buildConfigurations = (
				843CB4A91CDD131A00674F48 /* Debug */,
				843CB4AA1CDD131A00674F48 /* Release */,
			);
			defaultConfigurationIsVisible = 0;
			defaultConfigurationName = Release;
		};
		844CF2791CE77B400032F6AA /* Build configuration list for PBXNativeTarget "Game-iOS" */ = {
			isa = XCConfigurationList;
			buildConfigurations = (
				844CF27A1CE77B400032F6AA /* Debug */,
				844CF27B1CE77B400032F6AA /* Release */,
			);
			defaultConfigurationIsVisible = 0;
			defaultConfigurationName = Release;
		};
		844CF2931CE789AA0032F6AA /* Build configuration list for PBXNativeTarget "Game-OSX" */ = {
			isa = XCConfigurationList;
			buildConfigurations = (
				844CF2941CE789AA0032F6AA /* Debug */,
				844CF2951CE789AA0032F6AA /* Release */,
			);
			defaultConfigurationIsVisible = 0;
			defaultConfigurationName = Release;
		};
/* End XCConfigurationList section */

/* Begin XCVersionGroup section */
		842BAA161CEC986E00524619 /* SpaceWar.xcdatamodeld */ = {
			isa = XCVersionGroup;
			children = (
				842BAA171CEC986E00524619 /* SpaceWar.xcdatamodel */,
			);
			currentVersion = 842BAA171CEC986E00524619 /* SpaceWar.xcdatamodel */;
			path = SpaceWar.xcdatamodeld;
			sourceTree = "<group>";
			versionGroupType = wrapper.xcdatamodel;
		};
/* End XCVersionGroup section */
	};
	rootObject = 843CB48D1CDD131A00674F48 /* Project object */;
}
